// !$*UTF8*$!
{
	archiveVersion = 1;
	classes = {
	};
	objectVersion = 55;
	objects = {

/* Begin PBXBuildFile section */
		0B2527A028BEF3450088D1E5 /* EmergencyResourceApp.swift in Sources */ = {isa = PBXBuildFile; fileRef = 0B25279F28BEF3450088D1E5 /* EmergencyResourceApp.swift */; };
		0B2527A228BEF3450088D1E5 /* ContentView.swift in Sources */ = {isa = PBXBuildFile; fileRef = 0B2527A128BEF3450088D1E5 /* ContentView.swift */; };
		0B2527A428BEF3490088D1E5 /* Assets.xcassets in Resources */ = {isa = PBXBuildFile; fileRef = 0B2527A328BEF3490088D1E5 /* Assets.xcassets */; };
		0B2527A728BEF3490088D1E5 /* Preview Assets.xcassets in Resources */ = {isa = PBXBuildFile; fileRef = 0B2527A628BEF3490088D1E5 /* Preview Assets.xcassets */; };
		0B2527B128BEF3490088D1E5 /* Emergency_Resource_AppTests.swift in Sources */ = {isa = PBXBuildFile; fileRef = 0B2527B028BEF3490088D1E5 /* Emergency_Resource_AppTests.swift */; };
		0B2527BB28BEF3490088D1E5 /* Emergency_Resource_AppUITests.swift in Sources */ = {isa = PBXBuildFile; fileRef = 0B2527BA28BEF3490088D1E5 /* Emergency_Resource_AppUITests.swift */; };
		0B2527BD28BEF3490088D1E5 /* Emergency_Resource_AppUITestsLaunchTests.swift in Sources */ = {isa = PBXBuildFile; fileRef = 0B2527BC28BEF3490088D1E5 /* Emergency_Resource_AppUITestsLaunchTests.swift */; };
/* End PBXBuildFile section */

/* Begin PBXContainerItemProxy section */
		0B2527AD28BEF3490088D1E5 /* PBXContainerItemProxy */ = {
			isa = PBXContainerItemProxy;
			containerPortal = 0B25279428BEF3450088D1E5 /* Project object */;
			proxyType = 1;
			remoteGlobalIDString = 0B25279B28BEF3450088D1E5;
			remoteInfo = "Emergency Resource App";
		};
		0B2527B728BEF3490088D1E5 /* PBXContainerItemProxy */ = {
			isa = PBXContainerItemProxy;
			containerPortal = 0B25279428BEF3450088D1E5 /* Project object */;
			proxyType = 1;
			remoteGlobalIDString = 0B25279B28BEF3450088D1E5;
			remoteInfo = "Emergency Resource App";
		};
/* End PBXContainerItemProxy section */

/* Begin PBXFileReference section */
		0B25279C28BEF3450088D1E5 /* Emergency Resource App.app */ = {isa = PBXFileReference; explicitFileType = wrapper.application; includeInIndex = 0; path = "Emergency Resource App.app"; sourceTree = BUILT_PRODUCTS_DIR; };
		0B25279F28BEF3450088D1E5 /* EmergencyResourceApp.swift */ = {isa = PBXFileReference; lastKnownFileType = sourcecode.swift; path = EmergencyResourceApp.swift; sourceTree = "<group>"; };
		0B2527A128BEF3450088D1E5 /* ContentView.swift */ = {isa = PBXFileReference; lastKnownFileType = sourcecode.swift; path = ContentView.swift; sourceTree = "<group>"; };
		0B2527A328BEF3490088D1E5 /* Assets.xcassets */ = {isa = PBXFileReference; lastKnownFileType = folder.assetcatalog; path = Assets.xcassets; sourceTree = "<group>"; };
		0B2527A628BEF3490088D1E5 /* Preview Assets.xcassets */ = {isa = PBXFileReference; lastKnownFileType = folder.assetcatalog; path = "Preview Assets.xcassets"; sourceTree = "<group>"; };
		0B2527AC28BEF3490088D1E5 /* Emergency Resource AppTests.xctest */ = {isa = PBXFileReference; explicitFileType = wrapper.cfbundle; includeInIndex = 0; path = "Emergency Resource AppTests.xctest"; sourceTree = BUILT_PRODUCTS_DIR; };
		0B2527B028BEF3490088D1E5 /* Emergency_Resource_AppTests.swift */ = {isa = PBXFileReference; lastKnownFileType = sourcecode.swift; path = Emergency_Resource_AppTests.swift; sourceTree = "<group>"; };
		0B2527B628BEF3490088D1E5 /* Emergency Resource AppUITests.xctest */ = {isa = PBXFileReference; explicitFileType = wrapper.cfbundle; includeInIndex = 0; path = "Emergency Resource AppUITests.xctest"; sourceTree = BUILT_PRODUCTS_DIR; };
		0B2527BA28BEF3490088D1E5 /* Emergency_Resource_AppUITests.swift */ = {isa = PBXFileReference; lastKnownFileType = sourcecode.swift; path = Emergency_Resource_AppUITests.swift; sourceTree = "<group>"; };
		0B2527BC28BEF3490088D1E5 /* Emergency_Resource_AppUITestsLaunchTests.swift */ = {isa = PBXFileReference; lastKnownFileType = sourcecode.swift; path = Emergency_Resource_AppUITestsLaunchTests.swift; sourceTree = "<group>"; };
/* End PBXFileReference section */

/* Begin PBXFrameworksBuildPhase section */
		0B25279928BEF3450088D1E5 /* Frameworks */ = {
			isa = PBXFrameworksBuildPhase;
			buildActionMask = 2147483647;
			files = (
			);
			runOnlyForDeploymentPostprocessing = 0;
		};
		0B2527A928BEF3490088D1E5 /* Frameworks */ = {
			isa = PBXFrameworksBuildPhase;
			buildActionMask = 2147483647;
			files = (
			);
			runOnlyForDeploymentPostprocessing = 0;
		};
		0B2527B328BEF3490088D1E5 /* Frameworks */ = {
			isa = PBXFrameworksBuildPhase;
			buildActionMask = 2147483647;
			files = (
			);
			runOnlyForDeploymentPostprocessing = 0;
		};
/* End PBXFrameworksBuildPhase section */

/* Begin PBXGroup section */
		0B25279328BEF3450088D1E5 = {
			isa = PBXGroup;
			children = (
				0B25279E28BEF3450088D1E5 /* Emergency Resource App */,
				0B2527AF28BEF3490088D1E5 /* Emergency Resource AppTests */,
				0B2527B928BEF3490088D1E5 /* Emergency Resource AppUITests */,
				0B25279D28BEF3450088D1E5 /* Products */,
			);
			sourceTree = "<group>";
		};
		0B25279D28BEF3450088D1E5 /* Products */ = {
			isa = PBXGroup;
			children = (
				0B25279C28BEF3450088D1E5 /* Emergency Resource App.app */,
				0B2527AC28BEF3490088D1E5 /* Emergency Resource AppTests.xctest */,
				0B2527B628BEF3490088D1E5 /* Emergency Resource AppUITests.xctest */,
			);
			name = Products;
			sourceTree = "<group>";
		};
		0B25279E28BEF3450088D1E5 /* Emergency Resource App */ = {
			isa = PBXGroup;
			children = (
				0B25279F28BEF3450088D1E5 /* EmergencyResourceApp.swift */,
				0B2527A128BEF3450088D1E5 /* ContentView.swift */,
				0B2527A328BEF3490088D1E5 /* Assets.xcassets */,
				0B2527A528BEF3490088D1E5 /* Preview Content */,
			);
			path = "Emergency Resource App";
			sourceTree = "<group>";
		};
		0B2527A528BEF3490088D1E5 /* Preview Content */ = {
			isa = PBXGroup;
			children = (
				0B2527A628BEF3490088D1E5 /* Preview Assets.xcassets */,
			);
			path = "Preview Content";
			sourceTree = "<group>";
		};
		0B2527AF28BEF3490088D1E5 /* Emergency Resource AppTests */ = {
			isa = PBXGroup;
			children = (
				0B2527B028BEF3490088D1E5 /* Emergency_Resource_AppTests.swift */,
			);
			path = "Emergency Resource AppTests";
			sourceTree = "<group>";
		};
		0B2527B928BEF3490088D1E5 /* Emergency Resource AppUITests */ = {
			isa = PBXGroup;
			children = (
				0B2527BA28BEF3490088D1E5 /* Emergency_Resource_AppUITests.swift */,
				0B2527BC28BEF3490088D1E5 /* Emergency_Resource_AppUITestsLaunchTests.swift */,
			);
			path = "Emergency Resource AppUITests";
			sourceTree = "<group>";
		};
/* End PBXGroup section */

/* Begin PBXNativeTarget section */
		0B25279B28BEF3450088D1E5 /* Emergency Resource App */ = {
			isa = PBXNativeTarget;
			buildConfigurationList = 0B2527C028BEF3490088D1E5 /* Build configuration list for PBXNativeTarget "Emergency Resource App" */;
			buildPhases = (
				0B25279828BEF3450088D1E5 /* Sources */,
				0B25279928BEF3450088D1E5 /* Frameworks */,
				0B25279A28BEF3450088D1E5 /* Resources */,
			);
			buildRules = (
			);
			dependencies = (
			);
			name = "Emergency Resource App";
			productName = "Emergency Resource App";
			productReference = 0B25279C28BEF3450088D1E5 /* Emergency Resource App.app */;
			productType = "com.apple.product-type.application";
		};
		0B2527AB28BEF3490088D1E5 /* Emergency Resource AppTests */ = {
			isa = PBXNativeTarget;
			buildConfigurationList = 0B2527C328BEF3490088D1E5 /* Build configuration list for PBXNativeTarget "Emergency Resource AppTests" */;
			buildPhases = (
				0B2527A828BEF3490088D1E5 /* Sources */,
				0B2527A928BEF3490088D1E5 /* Frameworks */,
				0B2527AA28BEF3490088D1E5 /* Resources */,
			);
			buildRules = (
			);
			dependencies = (
				0B2527AE28BEF3490088D1E5 /* PBXTargetDependency */,
			);
			name = "Emergency Resource AppTests";
			productName = "Emergency Resource AppTests";
			productReference = 0B2527AC28BEF3490088D1E5 /* Emergency Resource AppTests.xctest */;
			productType = "com.apple.product-type.bundle.unit-test";
		};
		0B2527B528BEF3490088D1E5 /* Emergency Resource AppUITests */ = {
			isa = PBXNativeTarget;
			buildConfigurationList = 0B2527C628BEF3490088D1E5 /* Build configuration list for PBXNativeTarget "Emergency Resource AppUITests" */;
			buildPhases = (
				0B2527B228BEF3490088D1E5 /* Sources */,
				0B2527B328BEF3490088D1E5 /* Frameworks */,
				0B2527B428BEF3490088D1E5 /* Resources */,
			);
			buildRules = (
			);
			dependencies = (
				0B2527B828BEF3490088D1E5 /* PBXTargetDependency */,
			);
			name = "Emergency Resource AppUITests";
			productName = "Emergency Resource AppUITests";
			productReference = 0B2527B628BEF3490088D1E5 /* Emergency Resource AppUITests.xctest */;
			productType = "com.apple.product-type.bundle.ui-testing";
		};
/* End PBXNativeTarget section */

/* Begin PBXProject section */
		0B25279428BEF3450088D1E5 /* Project object */ = {
			isa = PBXProject;
			attributes = {
				BuildIndependentTargetsInParallel = 1;
				LastSwiftUpdateCheck = 1340;
				LastUpgradeCheck = 1340;
				TargetAttributes = {
					0B25279B28BEF3450088D1E5 = {
						CreatedOnToolsVersion = 13.4.1;
					};
					0B2527AB28BEF3490088D1E5 = {
						CreatedOnToolsVersion = 13.4.1;
						TestTargetID = 0B25279B28BEF3450088D1E5;
					};
					0B2527B528BEF3490088D1E5 = {
						CreatedOnToolsVersion = 13.4.1;
						TestTargetID = 0B25279B28BEF3450088D1E5;
					};
				};
			};
			buildConfigurationList = 0B25279728BEF3450088D1E5 /* Build configuration list for PBXProject "Emergency Resource App" */;
			compatibilityVersion = "Xcode 13.0";
			developmentRegion = en;
			hasScannedForEncodings = 0;
			knownRegions = (
				en,
				Base,
			);
			mainGroup = 0B25279328BEF3450088D1E5;
			productRefGroup = 0B25279D28BEF3450088D1E5 /* Products */;
			projectDirPath = "";
			projectRoot = "";
			targets = (
				0B25279B28BEF3450088D1E5 /* Emergency Resource App */,
				0B2527AB28BEF3490088D1E5 /* Emergency Resource AppTests */,
				0B2527B528BEF3490088D1E5 /* Emergency Resource AppUITests */,
			);
		};
/* End PBXProject section */

/* Begin PBXResourcesBuildPhase section */
		0B25279A28BEF3450088D1E5 /* Resources */ = {
			isa = PBXResourcesBuildPhase;
			buildActionMask = 2147483647;
			files = (
				0B2527A728BEF3490088D1E5 /* Preview Assets.xcassets in Resources */,
				0B2527A428BEF3490088D1E5 /* Assets.xcassets in Resources */,
			);
			runOnlyForDeploymentPostprocessing = 0;
		};
		0B2527AA28BEF3490088D1E5 /* Resources */ = {
			isa = PBXResourcesBuildPhase;
			buildActionMask = 2147483647;
			files = (
			);
			runOnlyForDeploymentPostprocessing = 0;
		};
		0B2527B428BEF3490088D1E5 /* Resources */ = {
			isa = PBXResourcesBuildPhase;
			buildActionMask = 2147483647;
			files = (
			);
			runOnlyForDeploymentPostprocessing = 0;
		};
/* End PBXResourcesBuildPhase section */

/* Begin PBXSourcesBuildPhase section */
		0B25279828BEF3450088D1E5 /* Sources */ = {
			isa = PBXSourcesBuildPhase;
			buildActionMask = 2147483647;
			files = (
				0B2527A228BEF3450088D1E5 /* ContentView.swift in Sources */,
				0B2527A028BEF3450088D1E5 /* EmergencyResourceApp.swift in Sources */,
			);
			runOnlyForDeploymentPostprocessing = 0;
		};
		0B2527A828BEF3490088D1E5 /* Sources */ = {
			isa = PBXSourcesBuildPhase;
			buildActionMask = 2147483647;
			files = (
				0B2527B128BEF3490088D1E5 /* Emergency_Resource_AppTests.swift in Sources */,
			);
			runOnlyForDeploymentPostprocessing = 0;
		};
		0B2527B228BEF3490088D1E5 /* Sources */ = {
			isa = PBXSourcesBuildPhase;
			buildActionMask = 2147483647;
			files = (
				0B2527BD28BEF3490088D1E5 /* Emergency_Resource_AppUITestsLaunchTests.swift in Sources */,
				0B2527BB28BEF3490088D1E5 /* Emergency_Resource_AppUITests.swift in Sources */,
			);
			runOnlyForDeploymentPostprocessing = 0;
		};
/* End PBXSourcesBuildPhase section */

/* Begin PBXTargetDependency section */
		0B2527AE28BEF3490088D1E5 /* PBXTargetDependency */ = {
			isa = PBXTargetDependency;
			target = 0B25279B28BEF3450088D1E5 /* Emergency Resource App */;
			targetProxy = 0B2527AD28BEF3490088D1E5 /* PBXContainerItemProxy */;
		};
		0B2527B828BEF3490088D1E5 /* PBXTargetDependency */ = {
			isa = PBXTargetDependency;
			target = 0B25279B28BEF3450088D1E5 /* Emergency Resource App */;
			targetProxy = 0B2527B728BEF3490088D1E5 /* PBXContainerItemProxy */;
		};
/* End PBXTargetDependency section */

/* Begin XCBuildConfiguration section */
		0B2527BE28BEF3490088D1E5 /* Debug */ = {
			isa = XCBuildConfiguration;
			buildSettings = {
				ALWAYS_SEARCH_USER_PATHS = NO;
				CLANG_ANALYZER_NONNULL = YES;
				CLANG_ANALYZER_NUMBER_OBJECT_CONVERSION = YES_AGGRESSIVE;
				CLANG_CXX_LANGUAGE_STANDARD = "gnu++17";
				CLANG_ENABLE_MODULES = YES;
				CLANG_ENABLE_OBJC_ARC = YES;
				CLANG_ENABLE_OBJC_WEAK = YES;
				CLANG_WARN_BLOCK_CAPTURE_AUTORELEASING = YES;
				CLANG_WARN_BOOL_CONVERSION = YES;
				CLANG_WARN_COMMA = YES;
				CLANG_WARN_CONSTANT_CONVERSION = YES;
				CLANG_WARN_DEPRECATED_OBJC_IMPLEMENTATIONS = YES;
				CLANG_WARN_DIRECT_OBJC_ISA_USAGE = YES_ERROR;
				CLANG_WARN_DOCUMENTATION_COMMENTS = YES;
				CLANG_WARN_EMPTY_BODY = YES;
				CLANG_WARN_ENUM_CONVERSION = YES;
				CLANG_WARN_INFINITE_RECURSION = YES;
				CLANG_WARN_INT_CONVERSION = YES;
				CLANG_WARN_NON_LITERAL_NULL_CONVERSION = YES;
				CLANG_WARN_OBJC_IMPLICIT_RETAIN_SELF = YES;
				CLANG_WARN_OBJC_LITERAL_CONVERSION = YES;
				CLANG_WARN_OBJC_ROOT_CLASS = YES_ERROR;
				CLANG_WARN_QUOTED_INCLUDE_IN_FRAMEWORK_HEADER = YES;
				CLANG_WARN_RANGE_LOOP_ANALYSIS = YES;
				CLANG_WARN_STRICT_PROTOTYPES = YES;
				CLANG_WARN_SUSPICIOUS_MOVE = YES;
				CLANG_WARN_UNGUARDED_AVAILABILITY = YES_AGGRESSIVE;
				CLANG_WARN_UNREACHABLE_CODE = YES;
				CLANG_WARN__DUPLICATE_METHOD_MATCH = YES;
				COPY_PHASE_STRIP = NO;
				DEBUG_INFORMATION_FORMAT = dwarf;
				ENABLE_STRICT_OBJC_MSGSEND = YES;
				ENABLE_TESTABILITY = YES;
				GCC_C_LANGUAGE_STANDARD = gnu11;
				GCC_DYNAMIC_NO_PIC = NO;
				GCC_NO_COMMON_BLOCKS = YES;
				GCC_OPTIMIZATION_LEVEL = 0;
				GCC_PREPROCESSOR_DEFINITIONS = (
					"DEBUG=1",
					"$(inherited)",
				);
				GCC_WARN_64_TO_32_BIT_CONVERSION = YES;
				GCC_WARN_ABOUT_RETURN_TYPE = YES_ERROR;
				GCC_WARN_UNDECLARED_SELECTOR = YES;
				GCC_WARN_UNINITIALIZED_AUTOS = YES_AGGRESSIVE;
				GCC_WARN_UNUSED_FUNCTION = YES;
				GCC_WARN_UNUSED_VARIABLE = YES;
				IPHONEOS_DEPLOYMENT_TARGET = 15.5;
				MTL_ENABLE_DEBUG_INFO = INCLUDE_SOURCE;
				MTL_FAST_MATH = YES;
				ONLY_ACTIVE_ARCH = YES;
				SDKROOT = iphoneos;
				SWIFT_ACTIVE_COMPILATION_CONDITIONS = DEBUG;
				SWIFT_OPTIMIZATION_LEVEL = "-Onone";
			};
			name = Debug;
		};
		0B2527BF28BEF3490088D1E5 /* Release */ = {
			isa = XCBuildConfiguration;
			buildSettings = {
				ALWAYS_SEARCH_USER_PATHS = NO;
				CLANG_ANALYZER_NONNULL = YES;
				CLANG_ANALYZER_NUMBER_OBJECT_CONVERSION = YES_AGGRESSIVE;
				CLANG_CXX_LANGUAGE_STANDARD = "gnu++17";
				CLANG_ENABLE_MODULES = YES;
				CLANG_ENABLE_OBJC_ARC = YES;
				CLANG_ENABLE_OBJC_WEAK = YES;
				CLANG_WARN_BLOCK_CAPTURE_AUTORELEASING = YES;
				CLANG_WARN_BOOL_CONVERSION = YES;
				CLANG_WARN_COMMA = YES;
				CLANG_WARN_CONSTANT_CONVERSION = YES;
				CLANG_WARN_DEPRECATED_OBJC_IMPLEMENTATIONS = YES;
				CLANG_WARN_DIRECT_OBJC_ISA_USAGE = YES_ERROR;
				CLANG_WARN_DOCUMENTATION_COMMENTS = YES;
				CLANG_WARN_EMPTY_BODY = YES;
				CLANG_WARN_ENUM_CONVERSION = YES;
				CLANG_WARN_INFINITE_RECURSION = YES;
				CLANG_WARN_INT_CONVERSION = YES;
				CLANG_WARN_NON_LITERAL_NULL_CONVERSION = YES;
				CLANG_WARN_OBJC_IMPLICIT_RETAIN_SELF = YES;
				CLANG_WARN_OBJC_LITERAL_CONVERSION = YES;
				CLANG_WARN_OBJC_ROOT_CLASS = YES_ERROR;
				CLANG_WARN_QUOTED_INCLUDE_IN_FRAMEWORK_HEADER = YES;
				CLANG_WARN_RANGE_LOOP_ANALYSIS = YES;
				CLANG_WARN_STRICT_PROTOTYPES = YES;
				CLANG_WARN_SUSPICIOUS_MOVE = YES;
				CLANG_WARN_UNGUARDED_AVAILABILITY = YES_AGGRESSIVE;
				CLANG_WARN_UNREACHABLE_CODE = YES;
				CLANG_WARN__DUPLICATE_METHOD_MATCH = YES;
				COPY_PHASE_STRIP = NO;
				DEBUG_INFORMATION_FORMAT = "dwarf-with-dsym";
				ENABLE_NS_ASSERTIONS = NO;
				ENABLE_STRICT_OBJC_MSGSEND = YES;
				GCC_C_LANGUAGE_STANDARD = gnu11;
				GCC_NO_COMMON_BLOCKS = YES;
				GCC_WARN_64_TO_32_BIT_CONVERSION = YES;
				GCC_WARN_ABOUT_RETURN_TYPE = YES_ERROR;
				GCC_WARN_UNDECLARED_SELECTOR = YES;
				GCC_WARN_UNINITIALIZED_AUTOS = YES_AGGRESSIVE;
				GCC_WARN_UNUSED_FUNCTION = YES;
				GCC_WARN_UNUSED_VARIABLE = YES;
				IPHONEOS_DEPLOYMENT_TARGET = 15.5;
				MTL_ENABLE_DEBUG_INFO = NO;
				MTL_FAST_MATH = YES;
				SDKROOT = iphoneos;
				SWIFT_COMPILATION_MODE = wholemodule;
				SWIFT_OPTIMIZATION_LEVEL = "-O";
				VALIDATE_PRODUCT = YES;
			};
			name = Release;
		};
		0B2527C128BEF3490088D1E5 /* Debug */ = {
			isa = XCBuildConfiguration;
			buildSettings = {
				ASSETCATALOG_COMPILER_APPICON_NAME = AppIcon;
				ASSETCATALOG_COMPILER_GLOBAL_ACCENT_COLOR_NAME = AccentColor;
				CODE_SIGN_STYLE = Automatic;
				CURRENT_PROJECT_VERSION = 1;
				DEVELOPMENT_ASSET_PATHS = "\"Emergency Resource App/Preview Content\"";
				DEVELOPMENT_TEAM = S6Y8U34MPZ;
				ENABLE_PREVIEWS = YES;
				GENERATE_INFOPLIST_FILE = YES;
				INFOPLIST_KEY_UIApplicationSceneManifest_Generation = YES;
				INFOPLIST_KEY_UIApplicationSupportsIndirectInputEvents = YES;
				INFOPLIST_KEY_UILaunchScreen_Generation = YES;
				INFOPLIST_KEY_UISupportedInterfaceOrientations_iPad = "UIInterfaceOrientationPortrait UIInterfaceOrientationPortraitUpsideDown UIInterfaceOrientationLandscapeLeft UIInterfaceOrientationLandscapeRight";
				INFOPLIST_KEY_UISupportedInterfaceOrientations_iPhone = "UIInterfaceOrientationPortrait UIInterfaceOrientationLandscapeLeft UIInterfaceOrientationLandscapeRight";
				LD_RUNPATH_SEARCH_PATHS = (
					"$(inherited)",
					"@executable_path/Frameworks",
				);
				MARKETING_VERSION = 1.0;
				PRODUCT_BUNDLE_IDENTIFIER = "EmergencyResourceApp.Emergency-Resource-App";
				PRODUCT_NAME = "$(TARGET_NAME)";
				SWIFT_EMIT_LOC_STRINGS = YES;
				SWIFT_VERSION = 5.0;
				TARGETED_DEVICE_FAMILY = "1,2";
			};
			name = Debug;
		};
		0B2527C228BEF3490088D1E5 /* Release */ = {
			isa = XCBuildConfiguration;
			buildSettings = {
				ASSETCATALOG_COMPILER_APPICON_NAME = AppIcon;
				ASSETCATALOG_COMPILER_GLOBAL_ACCENT_COLOR_NAME = AccentColor;
				CODE_SIGN_STYLE = Automatic;
				CURRENT_PROJECT_VERSION = 1;
				DEVELOPMENT_ASSET_PATHS = "\"Emergency Resource App/Preview Content\"";
				DEVELOPMENT_TEAM = S6Y8U34MPZ;
				ENABLE_PREVIEWS = YES;
				GENERATE_INFOPLIST_FILE = YES;
				INFOPLIST_KEY_UIApplicationSceneManifest_Generation = YES;
				INFOPLIST_KEY_UIApplicationSupportsIndirectInputEvents = YES;
				INFOPLIST_KEY_UILaunchScreen_Generation = YES;
				INFOPLIST_KEY_UISupportedInterfaceOrientations_iPad = "UIInterfaceOrientationPortrait UIInterfaceOrientationPortraitUpsideDown UIInterfaceOrientationLandscapeLeft UIInterfaceOrientationLandscapeRight";
				INFOPLIST_KEY_UISupportedInterfaceOrientations_iPhone = "UIInterfaceOrientationPortrait UIInterfaceOrientationLandscapeLeft UIInterfaceOrientationLandscapeRight";
				LD_RUNPATH_SEARCH_PATHS = (
					"$(inherited)",
					"@executable_path/Frameworks",
				);
				MARKETING_VERSION = 1.0;
				PRODUCT_BUNDLE_IDENTIFIER = "EmergencyResourceApp.Emergency-Resource-App";
				PRODUCT_NAME = "$(TARGET_NAME)";
				SWIFT_EMIT_LOC_STRINGS = YES;
				SWIFT_VERSION = 5.0;
				TARGETED_DEVICE_FAMILY = "1,2";
			};
			name = Release;
		};
		0B2527C428BEF3490088D1E5 /* Debug */ = {
			isa = XCBuildConfiguration;
			buildSettings = {
				ALWAYS_EMBED_SWIFT_STANDARD_LIBRARIES = YES;
				BUNDLE_LOADER = "$(TEST_HOST)";
				CODE_SIGN_STYLE = Automatic;
				CURRENT_PROJECT_VERSION = 1;
				GENERATE_INFOPLIST_FILE = YES;
				IPHONEOS_DEPLOYMENT_TARGET = 15.5;
				MARKETING_VERSION = 1.0;
				PRODUCT_BUNDLE_IDENTIFIER = "EmergencyResourceApp.Emergency-Resource-AppTests";
				PRODUCT_NAME = "$(TARGET_NAME)";
				SWIFT_EMIT_LOC_STRINGS = NO;
				SWIFT_VERSION = 5.0;
				TARGETED_DEVICE_FAMILY = "1,2";
				TEST_HOST = "$(BUILT_PRODUCTS_DIR)/Emergency Resource App.app/Emergency Resource App";
			};
			name = Debug;
		};
		0B2527C528BEF3490088D1E5 /* Release */ = {
			isa = XCBuildConfiguration;
			buildSettings = {
				ALWAYS_EMBED_SWIFT_STANDARD_LIBRARIES = YES;
				BUNDLE_LOADER = "$(TEST_HOST)";
				CODE_SIGN_STYLE = Automatic;
				CURRENT_PROJECT_VERSION = 1;
				GENERATE_INFOPLIST_FILE = YES;
				IPHONEOS_DEPLOYMENT_TARGET = 15.5;
				MARKETING_VERSION = 1.0;
				PRODUCT_BUNDLE_IDENTIFIER = "EmergencyResourceApp.Emergency-Resource-AppTests";
				PRODUCT_NAME = "$(TARGET_NAME)";
				SWIFT_EMIT_LOC_STRINGS = NO;
				SWIFT_VERSION = 5.0;
				TARGETED_DEVICE_FAMILY = "1,2";
				TEST_HOST = "$(BUILT_PRODUCTS_DIR)/Emergency Resource App.app/Emergency Resource App";
			};
			name = Release;
		};
		0B2527C728BEF3490088D1E5 /* Debug */ = {
			isa = XCBuildConfiguration;
			buildSettings = {
				ALWAYS_EMBED_SWIFT_STANDARD_LIBRARIES = YES;
				CODE_SIGN_STYLE = Automatic;
				CURRENT_PROJECT_VERSION = 1;
				GENERATE_INFOPLIST_FILE = YES;
				MARKETING_VERSION = 1.0;
				PRODUCT_BUNDLE_IDENTIFIER = "EmergencyResourceApp.Emergency-Resource-AppUITests";
				PRODUCT_NAME = "$(TARGET_NAME)";
				SWIFT_EMIT_LOC_STRINGS = NO;
				SWIFT_VERSION = 5.0;
				TARGETED_DEVICE_FAMILY = "1,2";
				TEST_TARGET_NAME = "Emergency Resource App";
			};
			name = Debug;
		};
		0B2527C828BEF3490088D1E5 /* Release */ = {
			isa = XCBuildConfiguration;
			buildSettings = {
				ALWAYS_EMBED_SWIFT_STANDARD_LIBRARIES = YES;
				CODE_SIGN_STYLE = Automatic;
				CURRENT_PROJECT_VERSION = 1;
				GENERATE_INFOPLIST_FILE = YES;
				MARKETING_VERSION = 1.0;
				PRODUCT_BUNDLE_IDENTIFIER = "EmergencyResourceApp.Emergency-Resource-AppUITests";
				PRODUCT_NAME = "$(TARGET_NAME)";
				SWIFT_EMIT_LOC_STRINGS = NO;
				SWIFT_VERSION = 5.0;
				TARGETED_DEVICE_FAMILY = "1,2";
				TEST_TARGET_NAME = "Emergency Resource App";
			};
			name = Release;
		};
/* End XCBuildConfiguration section */

/* Begin XCConfigurationList section */
		0B25279728BEF3450088D1E5 /* Build configuration list for PBXProject "Emergency Resource App" */ = {
			isa = XCConfigurationList;
			buildConfigurations = (
				0B2527BE28BEF3490088D1E5 /* Debug */,
				0B2527BF28BEF3490088D1E5 /* Release */,
			);
			defaultConfigurationIsVisible = 0;
			defaultConfigurationName = Release;
		};
		0B2527C028BEF3490088D1E5 /* Build configuration list for PBXNativeTarget "Emergency Resource App" */ = {
			isa = XCConfigurationList;
			buildConfigurations = (
				0B2527C128BEF3490088D1E5 /* Debug */,
				0B2527C228BEF3490088D1E5 /* Release */,
			);
			defaultConfigurationIsVisible = 0;
			defaultConfigurationName = Release;
		};
		0B2527C328BEF3490088D1E5 /* Build configuration list for PBXNativeTarget "Emergency Resource AppTests" */ = {
			isa = XCConfigurationList;
			buildConfigurations = (
				0B2527C428BEF3490088D1E5 /* Debug */,
				0B2527C528BEF3490088D1E5 /* Release */,
			);
			defaultConfigurationIsVisible = 0;
			defaultConfigurationName = Release;
		};
		0B2527C628BEF3490088D1E5 /* Build configuration list for PBXNativeTarget "Emergency Resource AppUITests" */ = {
			isa = XCConfigurationList;
			buildConfigurations = (
				0B2527C728BEF3490088D1E5 /* Debug */,
				0B2527C828BEF3490088D1E5 /* Release */,
			);
			defaultConfigurationIsVisible = 0;
			defaultConfigurationName = Release;
		};
/* End XCConfigurationList section */
	};
	rootObject = 0B25279428BEF3450088D1E5 /* Project object */;
}
